// !$*UTF8*$!
{
	archiveVersion = 1;
	classes = {
	};
	objectVersion = 50;
	objects = {

/* Begin PBXBuildFile section */
		4E76A5C4207F66F900C86B42 /* AppDelegate.m in Sources */ = {isa = PBXBuildFile; fileRef = 4E76A5C3207F66F900C86B42 /* AppDelegate.m */; };
		4E76A5C7207F66F900C86B42 /* ViewController.m in Sources */ = {isa = PBXBuildFile; fileRef = 4E76A5C6207F66F900C86B42 /* ViewController.m */; };
		4E76A5CA207F66F900C86B42 /* Main.storyboard in Resources */ = {isa = PBXBuildFile; fileRef = 4E76A5C8207F66F900C86B42 /* Main.storyboard */; };
		4E76A5CC207F66FA00C86B42 /* Assets.xcassets in Resources */ = {isa = PBXBuildFile; fileRef = 4E76A5CB207F66FA00C86B42 /* Assets.xcassets */; };
		4E76A5CF207F66FA00C86B42 /* LaunchScreen.storyboard in Resources */ = {isa = PBXBuildFile; fileRef = 4E76A5CD207F66FA00C86B42 /* LaunchScreen.storyboard */; };
		4E76A5D2207F66FA00C86B42 /* main.m in Sources */ = {isa = PBXBuildFile; fileRef = 4E76A5D1207F66FA00C86B42 /* main.m */; };
		4E76A5DB207F6D8300C86B42 /* BuilderViewController.m in Sources */ = {isa = PBXBuildFile; fileRef = 4E76A5DA207F6D8300C86B42 /* BuilderViewController.m */; };
		4E76A5E220804FBE00C86B42 /* Director.m in Sources */ = {isa = PBXBuildFile; fileRef = 4E76A5E120804FBE00C86B42 /* Director.m */; };
		4E76A5F12080603500C86B42 /* CarCompanyBuilder.m in Sources */ = {isa = PBXBuildFile; fileRef = 4E76A5F02080603500C86B42 /* CarCompanyBuilder.m */; };
		4E76A5F5208062C800C86B42 /* Car.m in Sources */ = {isa = PBXBuildFile; fileRef = 4E76A5F4208062C800C86B42 /* Car.m */; };
		4ED8095C208098C100970959 /* FactoryPatternViewController.m in Sources */ = {isa = PBXBuildFile; fileRef = 4ED8095B208098C100970959 /* FactoryPatternViewController.m */; };
		4ED8095F208098F700970959 /* Pen.m in Sources */ = {isa = PBXBuildFile; fileRef = 4ED8095E208098F700970959 /* Pen.m */; };
		4ED809622080995C00970959 /* Pencil.m in Sources */ = {isa = PBXBuildFile; fileRef = 4ED809612080995C00970959 /* Pencil.m */; };
		4ED809652080999200970959 /* BallpointPen.m in Sources */ = {isa = PBXBuildFile; fileRef = 4ED809642080999200970959 /* BallpointPen.m */; };
		4ED80968208099B900970959 /* PenFactory.m in Sources */ = {isa = PBXBuildFile; fileRef = 4ED80967208099B900970959 /* PenFactory.m */; };
		4ED8096B20809F8200970959 /* AbstractFactoryPatternViewController.m in Sources */ = {isa = PBXBuildFile; fileRef = 4ED8096A20809F8200970959 /* AbstractFactoryPatternViewController.m */; };
		4ED8096E2080A02500970959 /* HeaderImgFactory.m in Sources */ = {isa = PBXBuildFile; fileRef = 4ED8096D2080A02500970959 /* HeaderImgFactory.m */; };
		4ED809712080A09300970959 /* CircleHeaderFactory.m in Sources */ = {isa = PBXBuildFile; fileRef = 4ED809702080A09300970959 /* CircleHeaderFactory.m */; };
		4ED809742080A0BD00970959 /* SquareHeaderFactory.m in Sources */ = {isa = PBXBuildFile; fileRef = 4ED809732080A0BD00970959 /* SquareHeaderFactory.m */; };
		4ED809772080A0D200970959 /* CircleView.m in Sources */ = {isa = PBXBuildFile; fileRef = 4ED809762080A0D200970959 /* CircleView.m */; };
		4ED8097A2080A0DF00970959 /* SquareView.m in Sources */ = {isa = PBXBuildFile; fileRef = 4ED809792080A0DF00970959 /* SquareView.m */; };
		4ED8097C2080A17A00970959 /* AbstractFactoryPatternImg.jpeg in Resources */ = {isa = PBXBuildFile; fileRef = 4ED8097B2080A17A00970959 /* AbstractFactoryPatternImg.jpeg */; };
/* End PBXBuildFile section */

/* Begin PBXFileReference section */
		4E76A5BF207F66F900C86B42 /* DesignModeDemo.app */ = {isa = PBXFileReference; explicitFileType = wrapper.application; includeInIndex = 0; path = DesignModeDemo.app; sourceTree = BUILT_PRODUCTS_DIR; };
		4E76A5C2207F66F900C86B42 /* AppDelegate.h */ = {isa = PBXFileReference; lastKnownFileType = sourcecode.c.h; path = AppDelegate.h; sourceTree = "<group>"; };
		4E76A5C3207F66F900C86B42 /* AppDelegate.m */ = {isa = PBXFileReference; lastKnownFileType = sourcecode.c.objc; path = AppDelegate.m; sourceTree = "<group>"; };
		4E76A5C5207F66F900C86B42 /* ViewController.h */ = {isa = PBXFileReference; lastKnownFileType = sourcecode.c.h; path = ViewController.h; sourceTree = "<group>"; };
		4E76A5C6207F66F900C86B42 /* ViewController.m */ = {isa = PBXFileReference; lastKnownFileType = sourcecode.c.objc; path = ViewController.m; sourceTree = "<group>"; };
		4E76A5C9207F66F900C86B42 /* Base */ = {isa = PBXFileReference; lastKnownFileType = file.storyboard; name = Base; path = Base.lproj/Main.storyboard; sourceTree = "<group>"; };
		4E76A5CB207F66FA00C86B42 /* Assets.xcassets */ = {isa = PBXFileReference; lastKnownFileType = folder.assetcatalog; path = Assets.xcassets; sourceTree = "<group>"; };
		4E76A5CE207F66FA00C86B42 /* Base */ = {isa = PBXFileReference; lastKnownFileType = file.storyboard; name = Base; path = Base.lproj/LaunchScreen.storyboard; sourceTree = "<group>"; };
		4E76A5D0207F66FA00C86B42 /* Info.plist */ = {isa = PBXFileReference; lastKnownFileType = text.plist.xml; path = Info.plist; sourceTree = "<group>"; };
		4E76A5D1207F66FA00C86B42 /* main.m */ = {isa = PBXFileReference; lastKnownFileType = sourcecode.c.objc; path = main.m; sourceTree = "<group>"; };
		4E76A5D9207F6D8300C86B42 /* BuilderViewController.h */ = {isa = PBXFileReference; lastKnownFileType = sourcecode.c.h; path = BuilderViewController.h; sourceTree = "<group>"; };
		4E76A5DA207F6D8300C86B42 /* BuilderViewController.m */ = {isa = PBXFileReference; lastKnownFileType = sourcecode.c.objc; path = BuilderViewController.m; sourceTree = "<group>"; };
		4E76A5E020804FBE00C86B42 /* Director.h */ = {isa = PBXFileReference; lastKnownFileType = sourcecode.c.h; path = Director.h; sourceTree = "<group>"; };
		4E76A5E120804FBE00C86B42 /* Director.m */ = {isa = PBXFileReference; lastKnownFileType = sourcecode.c.objc; path = Director.m; sourceTree = "<group>"; };
		4E76A5E62080504500C86B42 /* CarBuilder.h */ = {isa = PBXFileReference; lastKnownFileType = sourcecode.c.h; path = CarBuilder.h; sourceTree = "<group>"; };
		4E76A5EF2080603500C86B42 /* CarCompanyBuilder.h */ = {isa = PBXFileReference; lastKnownFileType = sourcecode.c.h; path = CarCompanyBuilder.h; sourceTree = "<group>"; };
		4E76A5F02080603500C86B42 /* CarCompanyBuilder.m */ = {isa = PBXFileReference; lastKnownFileType = sourcecode.c.objc; path = CarCompanyBuilder.m; sourceTree = "<group>"; };
		4E76A5F2208060D300C86B42 /* CarCompanyProtocol.h */ = {isa = PBXFileReference; lastKnownFileType = sourcecode.c.h; path = CarCompanyProtocol.h; sourceTree = "<group>"; };
		4E76A5F3208062C800C86B42 /* Car.h */ = {isa = PBXFileReference; lastKnownFileType = sourcecode.c.h; path = Car.h; sourceTree = "<group>"; };
		4E76A5F4208062C800C86B42 /* Car.m */ = {isa = PBXFileReference; lastKnownFileType = sourcecode.c.objc; path = Car.m; sourceTree = "<group>"; };
		4ED8095A208098C100970959 /* FactoryPatternViewController.h */ = {isa = PBXFileReference; lastKnownFileType = sourcecode.c.h; path = FactoryPatternViewController.h; sourceTree = "<group>"; };
		4ED8095B208098C100970959 /* FactoryPatternViewController.m */ = {isa = PBXFileReference; lastKnownFileType = sourcecode.c.objc; path = FactoryPatternViewController.m; sourceTree = "<group>"; };
		4ED8095D208098F700970959 /* Pen.h */ = {isa = PBXFileReference; lastKnownFileType = sourcecode.c.h; path = Pen.h; sourceTree = "<group>"; };
		4ED8095E208098F700970959 /* Pen.m */ = {isa = PBXFileReference; lastKnownFileType = sourcecode.c.objc; path = Pen.m; sourceTree = "<group>"; };
		4ED809602080995C00970959 /* Pencil.h */ = {isa = PBXFileReference; lastKnownFileType = sourcecode.c.h; path = Pencil.h; sourceTree = "<group>"; };
		4ED809612080995C00970959 /* Pencil.m */ = {isa = PBXFileReference; lastKnownFileType = sourcecode.c.objc; path = Pencil.m; sourceTree = "<group>"; };
		4ED809632080999200970959 /* BallpointPen.h */ = {isa = PBXFileReference; lastKnownFileType = sourcecode.c.h; path = BallpointPen.h; sourceTree = "<group>"; };
		4ED809642080999200970959 /* BallpointPen.m */ = {isa = PBXFileReference; lastKnownFileType = sourcecode.c.objc; path = BallpointPen.m; sourceTree = "<group>"; };
		4ED80966208099B900970959 /* PenFactory.h */ = {isa = PBXFileReference; lastKnownFileType = sourcecode.c.h; path = PenFactory.h; sourceTree = "<group>"; };
		4ED80967208099B900970959 /* PenFactory.m */ = {isa = PBXFileReference; lastKnownFileType = sourcecode.c.objc; path = PenFactory.m; sourceTree = "<group>"; };
		4ED8096920809F8200970959 /* AbstractFactoryPatternViewController.h */ = {isa = PBXFileReference; lastKnownFileType = sourcecode.c.h; path = AbstractFactoryPatternViewController.h; sourceTree = "<group>"; };
		4ED8096A20809F8200970959 /* AbstractFactoryPatternViewController.m */ = {isa = PBXFileReference; lastKnownFileType = sourcecode.c.objc; path = AbstractFactoryPatternViewController.m; sourceTree = "<group>"; };
		4ED8096C2080A02500970959 /* HeaderImgFactory.h */ = {isa = PBXFileReference; lastKnownFileType = sourcecode.c.h; path = HeaderImgFactory.h; sourceTree = "<group>"; };
		4ED8096D2080A02500970959 /* HeaderImgFactory.m */ = {isa = PBXFileReference; lastKnownFileType = sourcecode.c.objc; path = HeaderImgFactory.m; sourceTree = "<group>"; };
		4ED8096F2080A09300970959 /* CircleHeaderFactory.h */ = {isa = PBXFileReference; lastKnownFileType = sourcecode.c.h; path = CircleHeaderFactory.h; sourceTree = "<group>"; };
		4ED809702080A09300970959 /* CircleHeaderFactory.m */ = {isa = PBXFileReference; lastKnownFileType = sourcecode.c.objc; path = CircleHeaderFactory.m; sourceTree = "<group>"; };
		4ED809722080A0BD00970959 /* SquareHeaderFactory.h */ = {isa = PBXFileReference; lastKnownFileType = sourcecode.c.h; path = SquareHeaderFactory.h; sourceTree = "<group>"; };
		4ED809732080A0BD00970959 /* SquareHeaderFactory.m */ = {isa = PBXFileReference; lastKnownFileType = sourcecode.c.objc; path = SquareHeaderFactory.m; sourceTree = "<group>"; };
		4ED809752080A0D200970959 /* CircleView.h */ = {isa = PBXFileReference; lastKnownFileType = sourcecode.c.h; path = CircleView.h; sourceTree = "<group>"; };
		4ED809762080A0D200970959 /* CircleView.m */ = {isa = PBXFileReference; lastKnownFileType = sourcecode.c.objc; path = CircleView.m; sourceTree = "<group>"; };
		4ED809782080A0DF00970959 /* SquareView.h */ = {isa = PBXFileReference; lastKnownFileType = sourcecode.c.h; path = SquareView.h; sourceTree = "<group>"; };
		4ED809792080A0DF00970959 /* SquareView.m */ = {isa = PBXFileReference; lastKnownFileType = sourcecode.c.objc; path = SquareView.m; sourceTree = "<group>"; };
		4ED8097B2080A17A00970959 /* AbstractFactoryPatternImg.jpeg */ = {isa = PBXFileReference; lastKnownFileType = image.jpeg; path = AbstractFactoryPatternImg.jpeg; sourceTree = "<group>"; };
/* End PBXFileReference section */

/* Begin PBXFrameworksBuildPhase section */
		4E76A5BC207F66F900C86B42 /* Frameworks */ = {
			isa = PBXFrameworksBuildPhase;
			buildActionMask = 2147483647;
			files = (
			);
			runOnlyForDeploymentPostprocessing = 0;
		};
/* End PBXFrameworksBuildPhase section */

/* Begin PBXGroup section */
		4E76A5B6207F66F900C86B42 = {
			isa = PBXGroup;
			children = (
				4E76A5C1207F66F900C86B42 /* DesignModeDemo */,
				4E76A5C0207F66F900C86B42 /* Products */,
			);
			sourceTree = "<group>";
		};
		4E76A5C0207F66F900C86B42 /* Products */ = {
			isa = PBXGroup;
			children = (
				4E76A5BF207F66F900C86B42 /* DesignModeDemo.app */,
			);
			name = Products;
			sourceTree = "<group>";
		};
		4E76A5C1207F66F900C86B42 /* DesignModeDemo */ = {
			isa = PBXGroup;
			children = (
				4E76A5C2207F66F900C86B42 /* AppDelegate.h */,
				4E76A5C3207F66F900C86B42 /* AppDelegate.m */,
				4E76A5C5207F66F900C86B42 /* ViewController.h */,
				4E76A5C6207F66F900C86B42 /* ViewController.m */,
				4ED80959208091CC00970959 /* 创建型模式 */,
				4ED809562080917300970959 /* 结构型模式 */,
				4ED8094E2080910600970959 /* 行为型模式 */,
				4E76A5C8207F66F900C86B42 /* Main.storyboard */,
				4E76A5CB207F66FA00C86B42 /* Assets.xcassets */,
				4E76A5CD207F66FA00C86B42 /* LaunchScreen.storyboard */,
				4E76A5D0207F66FA00C86B42 /* Info.plist */,
				4E76A5D1207F66FA00C86B42 /* main.m */,
			);
			path = DesignModeDemo;
			sourceTree = "<group>";
		};
		4E76A5D8207F6D2B00C86B42 /* 构建者模式 */ = {
			isa = PBXGroup;
			children = (
				4E76A5D9207F6D8300C86B42 /* BuilderViewController.h */,
				4E76A5DA207F6D8300C86B42 /* BuilderViewController.m */,
				4E76A5E020804FBE00C86B42 /* Director.h */,
				4E76A5E120804FBE00C86B42 /* Director.m */,
				4E76A5E62080504500C86B42 /* CarBuilder.h */,
				4E76A5EE20805FFC00C86B42 /* 车场 */,
			);
			path = "构建者模式";
			sourceTree = "<group>";
		};
		4E76A5EE20805FFC00C86B42 /* 车场 */ = {
			isa = PBXGroup;
			children = (
				4E76A5EF2080603500C86B42 /* CarCompanyBuilder.h */,
				4E76A5F02080603500C86B42 /* CarCompanyBuilder.m */,
				4E76A5F2208060D300C86B42 /* CarCompanyProtocol.h */,
				4E76A5F3208062C800C86B42 /* Car.h */,
				4E76A5F4208062C800C86B42 /* Car.m */,
			);
			path = "车场";
			sourceTree = "<group>";
		};
		4ED809402080903C00970959 /* 工厂方法模式 */ = {
			isa = PBXGroup;
			children = (
				4ED8095A208098C100970959 /* FactoryPatternViewController.h */,
				4ED8095B208098C100970959 /* FactoryPatternViewController.m */,
				4ED80966208099B900970959 /* PenFactory.h */,
				4ED80967208099B900970959 /* PenFactory.m */,
				4ED8095D208098F700970959 /* Pen.h */,
				4ED8095E208098F700970959 /* Pen.m */,
				4ED809602080995C00970959 /* Pencil.h */,
				4ED809612080995C00970959 /* Pencil.m */,
				4ED809632080999200970959 /* BallpointPen.h */,
				4ED809642080999200970959 /* BallpointPen.m */,
			);
			path = "工厂方法模式";
			sourceTree = "<group>";
		};
		4ED809412080904E00970959 /* 抽象工厂模式 */ = {
			isa = PBXGroup;
			children = (
				4ED8096920809F8200970959 /* AbstractFactoryPatternViewController.h */,
				4ED8096A20809F8200970959 /* AbstractFactoryPatternViewController.m */,
				4ED8096C2080A02500970959 /* HeaderImgFactory.h */,
				4ED8096D2080A02500970959 /* HeaderImgFactory.m */,
				4ED8096F2080A09300970959 /* CircleHeaderFactory.h */,
				4ED809702080A09300970959 /* CircleHeaderFactory.m */,
				4ED809722080A0BD00970959 /* SquareHeaderFactory.h */,
				4ED809732080A0BD00970959 /* SquareHeaderFactory.m */,
				4ED809752080A0D200970959 /* CircleView.h */,
				4ED809762080A0D200970959 /* CircleView.m */,
				4ED809782080A0DF00970959 /* SquareView.h */,
				4ED809792080A0DF00970959 /* SquareView.m */,
				4ED8097B2080A17A00970959 /* AbstractFactoryPatternImg.jpeg */,
			);
			path = "抽象工厂模式";
			sourceTree = "<group>";
		};
		4ED809422080906500970959 /* 单例模式 */ = {
			isa = PBXGroup;
			children = (
			);
			path = "单例模式";
			sourceTree = "<group>";
		};
		4ED809432080907100970959 /* 解释器模式 */ = {
			isa = PBXGroup;
			children = (
			);
			path = "解释器模式";
			sourceTree = "<group>";
		};
		4ED809442080907800970959 /* 中介者模式 */ = {
			isa = PBXGroup;
			children = (
			);
			path = "中介者模式";
			sourceTree = "<group>";
		};
		4ED809452080908400970959 /* 访问者模式 */ = {
			isa = PBXGroup;
			children = (
			);
			path = "访问者模式";
			sourceTree = "<group>";
		};
		4ED809462080908E00970959 /* 状态模式 */ = {
			isa = PBXGroup;
			children = (
			);
			path = "状态模式";
			sourceTree = "<group>";
		};
		4ED809472080909500970959 /* 备忘录模式 */ = {
			isa = PBXGroup;
			children = (
			);
			path = "备忘录模式";
			sourceTree = "<group>";
		};
		4ED809482080909F00970959 /* 命令模式 */ = {
			isa = PBXGroup;
			children = (
			);
			path = "命令模式";
			sourceTree = "<group>";
		};
		4ED80949208090A800970959 /* 责任链模式 */ = {
			isa = PBXGroup;
			children = (
			);
			path = "责任链模式";
			sourceTree = "<group>";
		};
		4ED8094A208090B300970959 /* 迭代器模式 */ = {
			isa = PBXGroup;
			children = (
			);
			path = "迭代器模式";
			sourceTree = "<group>";
		};
		4ED8094B208090BC00970959 /* 观察者模式 */ = {
			isa = PBXGroup;
			children = (
			);
			path = "观察者模式";
			sourceTree = "<group>";
		};
		4ED8094C208090ED00970959 /* 模块方法模式 */ = {
			isa = PBXGroup;
			children = (
			);
			path = "模块方法模式";
			sourceTree = "<group>";
		};
		4ED8094D208090FB00970959 /* 策略模式 */ = {
			isa = PBXGroup;
			children = (
			);
			path = "策略模式";
			sourceTree = "<group>";
		};
		4ED8094E2080910600970959 /* 行为型模式 */ = {
			isa = PBXGroup;
			children = (
				4ED8094D208090FB00970959 /* 策略模式 */,
				4ED8094C208090ED00970959 /* 模块方法模式 */,
				4ED8094B208090BC00970959 /* 观察者模式 */,
				4ED8094A208090B300970959 /* 迭代器模式 */,
				4ED80949208090A800970959 /* 责任链模式 */,
				4ED809482080909F00970959 /* 命令模式 */,
				4ED809472080909500970959 /* 备忘录模式 */,
				4ED809462080908E00970959 /* 状态模式 */,
				4ED809452080908400970959 /* 访问者模式 */,
				4ED809442080907800970959 /* 中介者模式 */,
				4ED809432080907100970959 /* 解释器模式 */,
			);
			path = "行为型模式";
			sourceTree = "<group>";
		};
		4ED8094F2080912600970959 /* 享元模式 */ = {
			isa = PBXGroup;
			children = (
			);
			path = "享元模式";
			sourceTree = "<group>";
		};
		4ED809502080913900970959 /* 组合模式 */ = {
			isa = PBXGroup;
			children = (
			);
			path = "组合模式";
			sourceTree = "<group>";
		};
		4ED809512080914300970959 /* 桥接模式 */ = {
			isa = PBXGroup;
			children = (
			);
			path = "桥接模式";
			sourceTree = "<group>";
		};
		4ED809522080914D00970959 /* 外观模式 */ = {
			isa = PBXGroup;
			children = (
			);
			path = "外观模式";
			sourceTree = "<group>";
		};
		4ED809532080915900970959 /* 代理模式 */ = {
			isa = PBXGroup;
			children = (
			);
			path = "代理模式";
			sourceTree = "<group>";
		};
		4ED809542080916200970959 /* 装饰器模式 */ = {
			isa = PBXGroup;
			children = (
			);
			path = "装饰器模式";
			sourceTree = "<group>";
		};
		4ED809552080916C00970959 /* 适配器模式 */ = {
			isa = PBXGroup;
			children = (
			);
			path = "适配器模式";
			sourceTree = "<group>";
		};
		4ED809562080917300970959 /* 结构型模式 */ = {
			isa = PBXGroup;
			children = (
				4ED809552080916C00970959 /* 适配器模式 */,
				4ED809542080916200970959 /* 装饰器模式 */,
				4ED809532080915900970959 /* 代理模式 */,
				4ED809522080914D00970959 /* 外观模式 */,
				4ED809512080914300970959 /* 桥接模式 */,
				4ED809502080913900970959 /* 组合模式 */,
				4ED8094F2080912600970959 /* 享元模式 */,
			);
			path = "结构型模式";
			sourceTree = "<group>";
		};
		4ED809572080918600970959 /* 原型模式 */ = {
			isa = PBXGroup;
			children = (
			);
			path = "原型模式";
			sourceTree = "<group>";
		};
		4ED80959208091CC00970959 /* 创建型模式 */ = {
			isa = PBXGroup;
			children = (
				4ED809402080903C00970959 /* 工厂方法模式 */,
				4ED809412080904E00970959 /* 抽象工厂模式 */,
				4ED809422080906500970959 /* 单例模式 */,
				4E76A5D8207F6D2B00C86B42 /* 构建者模式 */,
				4ED809572080918600970959 /* 原型模式 */,
			);
			path = "创建型模式";
			sourceTree = "<group>";
		};
/* End PBXGroup section */

/* Begin PBXNativeTarget section */
		4E76A5BE207F66F900C86B42 /* DesignModeDemo */ = {
			isa = PBXNativeTarget;
			buildConfigurationList = 4E76A5D5207F66FA00C86B42 /* Build configuration list for PBXNativeTarget "DesignModeDemo" */;
			buildPhases = (
				4E76A5BB207F66F900C86B42 /* Sources */,
				4E76A5BC207F66F900C86B42 /* Frameworks */,
				4E76A5BD207F66F900C86B42 /* Resources */,
			);
			buildRules = (
			);
			dependencies = (
			);
			name = DesignModeDemo;
			productName = DesignModeDemo;
			productReference = 4E76A5BF207F66F900C86B42 /* DesignModeDemo.app */;
			productType = "com.apple.product-type.application";
		};
/* End PBXNativeTarget section */

/* Begin PBXProject section */
		4E76A5B7207F66F900C86B42 /* Project object */ = {
			isa = PBXProject;
			attributes = {
				LastUpgradeCheck = 0930;
				ORGANIZATIONNAME = koala;
				TargetAttributes = {
					4E76A5BE207F66F900C86B42 = {
						CreatedOnToolsVersion = 9.3;
					};
				};
			};
			buildConfigurationList = 4E76A5BA207F66F900C86B42 /* Build configuration list for PBXProject "DesignModeDemo" */;
			compatibilityVersion = "Xcode 9.3";
			developmentRegion = en;
			hasScannedForEncodings = 0;
			knownRegions = (
				en,
				Base,
			);
			mainGroup = 4E76A5B6207F66F900C86B42;
			productRefGroup = 4E76A5C0207F66F900C86B42 /* Products */;
			projectDirPath = "";
			projectRoot = "";
			targets = (
				4E76A5BE207F66F900C86B42 /* DesignModeDemo */,
			);
		};
/* End PBXProject section */

/* Begin PBXResourcesBuildPhase section */
		4E76A5BD207F66F900C86B42 /* Resources */ = {
			isa = PBXResourcesBuildPhase;
			buildActionMask = 2147483647;
			files = (
				4E76A5CF207F66FA00C86B42 /* LaunchScreen.storyboard in Resources */,
				4E76A5CC207F66FA00C86B42 /* Assets.xcassets in Resources */,
				4E76A5CA207F66F900C86B42 /* Main.storyboard in Resources */,
				4ED8097C2080A17A00970959 /* AbstractFactoryPatternImg.jpeg in Resources */,
			);
			runOnlyForDeploymentPostprocessing = 0;
		};
/* End PBXResourcesBuildPhase section */

/* Begin PBXSourcesBuildPhase section */
		4E76A5BB207F66F900C86B42 /* Sources */ = {
			isa = PBXSourcesBuildPhase;
			buildActionMask = 2147483647;
			files = (
				4ED809772080A0D200970959 /* CircleView.m in Sources */,
				4ED809652080999200970959 /* BallpointPen.m in Sources */,
				4ED809622080995C00970959 /* Pencil.m in Sources */,
				4ED809742080A0BD00970959 /* SquareHeaderFactory.m in Sources */,
				4E76A5DB207F6D8300C86B42 /* BuilderViewController.m in Sources */,
				4E76A5F5208062C800C86B42 /* Car.m in Sources */,
				4E76A5E220804FBE00C86B42 /* Director.m in Sources */,
				4ED8096E2080A02500970959 /* HeaderImgFactory.m in Sources */,
				4ED8095F208098F700970959 /* Pen.m in Sources */,
				4ED80968208099B900970959 /* PenFactory.m in Sources */,
				4E76A5C7207F66F900C86B42 /* ViewController.m in Sources */,
				4E76A5F12080603500C86B42 /* CarCompanyBuilder.m in Sources */,
				4E76A5D2207F66FA00C86B42 /* main.m in Sources */,
				4ED8095C208098C100970959 /* FactoryPatternViewController.m in Sources */,
				4ED8096B20809F8200970959 /* AbstractFactoryPatternViewController.m in Sources */,
				4ED8097A2080A0DF00970959 /* SquareView.m in Sources */,
				4ED809712080A09300970959 /* CircleHeaderFactory.m in Sources */,
				4E76A5C4207F66F900C86B42 /* AppDelegate.m in Sources */,
			);
			runOnlyForDeploymentPostprocessing = 0;
		};
/* End PBXSourcesBuildPhase section */

/* Begin PBXVariantGroup section */
		4E76A5C8207F66F900C86B42 /* Main.storyboard */ = {
			isa = PBXVariantGroup;
			children = (
				4E76A5C9207F66F900C86B42 /* Base */,
			);
			name = Main.storyboard;
			sourceTree = "<group>";
		};
		4E76A5CD207F66FA00C86B42 /* LaunchScreen.storyboard */ = {
			isa = PBXVariantGroup;
			children = (
				4E76A5CE207F66FA00C86B42 /* Base */,
			);
			name = LaunchScreen.storyboard;
			sourceTree = "<group>";
		};
/* End PBXVariantGroup section */

/* Begin XCBuildConfiguration section */
		4E76A5D3207F66FA00C86B42 /* Debug */ = {
			isa = XCBuildConfiguration;
			buildSettings = {
				ALWAYS_SEARCH_USER_PATHS = NO;
				CLANG_ANALYZER_NONNULL = YES;
				CLANG_ANALYZER_NUMBER_OBJECT_CONVERSION = YES_AGGRESSIVE;
				CLANG_CXX_LANGUAGE_STANDARD = "gnu++14";
				CLANG_CXX_LIBRARY = "libc++";
				CLANG_ENABLE_MODULES = YES;
				CLANG_ENABLE_OBJC_ARC = YES;
				CLANG_ENABLE_OBJC_WEAK = YES;
				CLANG_WARN_BLOCK_CAPTURE_AUTORELEASING = YES;
				CLANG_WARN_BOOL_CONVERSION = YES;
				CLANG_WARN_COMMA = YES;
				CLANG_WARN_CONSTANT_CONVERSION = YES;
				CLANG_WARN_DEPRECATED_OBJC_IMPLEMENTATIONS = YES;
				CLANG_WARN_DIRECT_OBJC_ISA_USAGE = YES_ERROR;
				CLANG_WARN_DOCUMENTATION_COMMENTS = YES;
				CLANG_WARN_EMPTY_BODY = YES;
				CLANG_WARN_ENUM_CONVERSION = YES;
				CLANG_WARN_INFINITE_RECURSION = YES;
				CLANG_WARN_INT_CONVERSION = YES;
				CLANG_WARN_NON_LITERAL_NULL_CONVERSION = YES;
				CLANG_WARN_OBJC_IMPLICIT_RETAIN_SELF = YES;
				CLANG_WARN_OBJC_LITERAL_CONVERSION = YES;
				CLANG_WARN_OBJC_ROOT_CLASS = YES_ERROR;
				CLANG_WARN_RANGE_LOOP_ANALYSIS = YES;
				CLANG_WARN_STRICT_PROTOTYPES = YES;
				CLANG_WARN_SUSPICIOUS_MOVE = YES;
				CLANG_WARN_UNGUARDED_AVAILABILITY = YES_AGGRESSIVE;
				CLANG_WARN_UNREACHABLE_CODE = YES;
				CLANG_WARN__DUPLICATE_METHOD_MATCH = YES;
				CODE_SIGN_IDENTITY = "iPhone Developer";
				COPY_PHASE_STRIP = NO;
				DEBUG_INFORMATION_FORMAT = dwarf;
				ENABLE_STRICT_OBJC_MSGSEND = YES;
				ENABLE_TESTABILITY = YES;
				GCC_C_LANGUAGE_STANDARD = gnu11;
				GCC_DYNAMIC_NO_PIC = NO;
				GCC_NO_COMMON_BLOCKS = YES;
				GCC_OPTIMIZATION_LEVEL = 0;
				GCC_PREPROCESSOR_DEFINITIONS = (
					"DEBUG=1",
					"$(inherited)",
				);
				GCC_WARN_64_TO_32_BIT_CONVERSION = YES;
				GCC_WARN_ABOUT_RETURN_TYPE = YES_ERROR;
				GCC_WARN_UNDECLARED_SELECTOR = YES;
				GCC_WARN_UNINITIALIZED_AUTOS = YES_AGGRESSIVE;
				GCC_WARN_UNUSED_FUNCTION = YES;
				GCC_WARN_UNUSED_VARIABLE = YES;
				IPHONEOS_DEPLOYMENT_TARGET = 11.3;
				MTL_ENABLE_DEBUG_INFO = YES;
				ONLY_ACTIVE_ARCH = YES;
				SDKROOT = iphoneos;
			};
			name = Debug;
		};
		4E76A5D4207F66FA00C86B42 /* Release */ = {
			isa = XCBuildConfiguration;
			buildSettings = {
				ALWAYS_SEARCH_USER_PATHS = NO;
				CLANG_ANALYZER_NONNULL = YES;
				CLANG_ANALYZER_NUMBER_OBJECT_CONVERSION = YES_AGGRESSIVE;
				CLANG_CXX_LANGUAGE_STANDARD = "gnu++14";
				CLANG_CXX_LIBRARY = "libc++";
				CLANG_ENABLE_MODULES = YES;
				CLANG_ENABLE_OBJC_ARC = YES;
				CLANG_ENABLE_OBJC_WEAK = YES;
				CLANG_WARN_BLOCK_CAPTURE_AUTORELEASING = YES;
				CLANG_WARN_BOOL_CONVERSION = YES;
				CLANG_WARN_COMMA = YES;
				CLANG_WARN_CONSTANT_CONVERSION = YES;
				CLANG_WARN_DEPRECATED_OBJC_IMPLEMENTATIONS = YES;
				CLANG_WARN_DIRECT_OBJC_ISA_USAGE = YES_ERROR;
				CLANG_WARN_DOCUMENTATION_COMMENTS = YES;
				CLANG_WARN_EMPTY_BODY = YES;
				CLANG_WARN_ENUM_CONVERSION = YES;
				CLANG_WARN_INFINITE_RECURSION = YES;
				CLANG_WARN_INT_CONVERSION = YES;
				CLANG_WARN_NON_LITERAL_NULL_CONVERSION = YES;
				CLANG_WARN_OBJC_IMPLICIT_RETAIN_SELF = YES;
				CLANG_WARN_OBJC_LITERAL_CONVERSION = YES;
				CLANG_WARN_OBJC_ROOT_CLASS = YES_ERROR;
				CLANG_WARN_RANGE_LOOP_ANALYSIS = YES;
				CLANG_WARN_STRICT_PROTOTYPES = YES;
				CLANG_WARN_SUSPICIOUS_MOVE = YES;
				CLANG_WARN_UNGUARDED_AVAILABILITY = YES_AGGRESSIVE;
				CLANG_WARN_UNREACHABLE_CODE = YES;
				CLANG_WARN__DUPLICATE_METHOD_MATCH = YES;
				CODE_SIGN_IDENTITY = "iPhone Developer";
				COPY_PHASE_STRIP = NO;
				DEBUG_INFORMATION_FORMAT = "dwarf-with-dsym";
				ENABLE_NS_ASSERTIONS = NO;
				ENABLE_STRICT_OBJC_MSGSEND = YES;
				GCC_C_LANGUAGE_STANDARD = gnu11;
				GCC_NO_COMMON_BLOCKS = YES;
				GCC_WARN_64_TO_32_BIT_CONVERSION = YES;
				GCC_WARN_ABOUT_RETURN_TYPE = YES_ERROR;
				GCC_WARN_UNDECLARED_SELECTOR = YES;
				GCC_WARN_UNINITIALIZED_AUTOS = YES_AGGRESSIVE;
				GCC_WARN_UNUSED_FUNCTION = YES;
				GCC_WARN_UNUSED_VARIABLE = YES;
				IPHONEOS_DEPLOYMENT_TARGET = 11.3;
				MTL_ENABLE_DEBUG_INFO = NO;
				SDKROOT = iphoneos;
				VALIDATE_PRODUCT = YES;
			};
			name = Release;
		};
		4E76A5D6207F66FA00C86B42 /* Debug */ = {
			isa = XCBuildConfiguration;
			buildSettings = {
				ASSETCATALOG_COMPILER_APPICON_NAME = AppIcon;
				CODE_SIGN_STYLE = Automatic;
				INFOPLIST_FILE = DesignModeDemo/Info.plist;
				LD_RUNPATH_SEARCH_PATHS = (
					"$(inherited)",
					"@executable_path/Frameworks",
				);
				PRODUCT_BUNDLE_IDENTIFIER = com.koala.DesignModeDemo;
				PRODUCT_NAME = "$(TARGET_NAME)";
				TARGETED_DEVICE_FAMILY = "1,2";
			};
			name = Debug;
		};
		4E76A5D7207F66FA00C86B42 /* Release */ = {
			isa = XCBuildConfiguration;
			buildSettings = {
				ASSETCATALOG_COMPILER_APPICON_NAME = AppIcon;
				CODE_SIGN_STYLE = Automatic;
				INFOPLIST_FILE = DesignModeDemo/Info.plist;
				LD_RUNPATH_SEARCH_PATHS = (
					"$(inherited)",
					"@executable_path/Frameworks",
				);
				PRODUCT_BUNDLE_IDENTIFIER = com.koala.DesignModeDemo;
				PRODUCT_NAME = "$(TARGET_NAME)";
				TARGETED_DEVICE_FAMILY = "1,2";
			};
			name = Release;
		};
/* End XCBuildConfiguration section */

/* Begin XCConfigurationList section */
		4E76A5BA207F66F900C86B42 /* Build configuration list for PBXProject "DesignModeDemo" */ = {
			isa = XCConfigurationList;
			buildConfigurations = (
				4E76A5D3207F66FA00C86B42 /* Debug */,
				4E76A5D4207F66FA00C86B42 /* Release */,
			);
			defaultConfigurationIsVisible = 0;
			defaultConfigurationName = Release;
		};
		4E76A5D5207F66FA00C86B42 /* Build configuration list for PBXNativeTarget "DesignModeDemo" */ = {
			isa = XCConfigurationList;
			buildConfigurations = (
				4E76A5D6207F66FA00C86B42 /* Debug */,
				4E76A5D7207F66FA00C86B42 /* Release */,
			);
			defaultConfigurationIsVisible = 0;
			defaultConfigurationName = Release;
		};
/* End XCConfigurationList section */
	};
	rootObject = 4E76A5B7207F66F900C86B42 /* Project object */;
}
