// !$*UTF8*$!
{
	archiveVersion = 1;
	classes = {
	};
	objectVersion = 50;
	objects = {

/* Begin PBXBuildFile section */
		4E76A5C4207F66F900C86B42 /* AppDelegate.m in Sources */ = {isa = PBXBuildFile; fileRef = 4E76A5C3207F66F900C86B42 /* AppDelegate.m */; };
		4E76A5C7207F66F900C86B42 /* ViewController.m in Sources */ = {isa = PBXBuildFile; fileRef = 4E76A5C6207F66F900C86B42 /* ViewController.m */; };
		4E76A5CA207F66F900C86B42 /* Main.storyboard in Resources */ = {isa = PBXBuildFile; fileRef = 4E76A5C8207F66F900C86B42 /* Main.storyboard */; };
		4E76A5CC207F66FA00C86B42 /* Assets.xcassets in Resources */ = {isa = PBXBuildFile; fileRef = 4E76A5CB207F66FA00C86B42 /* Assets.xcassets */; };
		4E76A5CF207F66FA00C86B42 /* LaunchScreen.storyboard in Resources */ = {isa = PBXBuildFile; fileRef = 4E76A5CD207F66FA00C86B42 /* LaunchScreen.storyboard */; };
		4E76A5D2207F66FA00C86B42 /* main.m in Sources */ = {isa = PBXBuildFile; fileRef = 4E76A5D1207F66FA00C86B42 /* main.m */; };
		4E76A5DB207F6D8300C86B42 /* BuilderViewController.m in Sources */ = {isa = PBXBuildFile; fileRef = 4E76A5DA207F6D8300C86B42 /* BuilderViewController.m */; };
		4E76A5E220804FBE00C86B42 /* Director.m in Sources */ = {isa = PBXBuildFile; fileRef = 4E76A5E120804FBE00C86B42 /* Director.m */; };
		4E76A5F12080603500C86B42 /* CarCompanyBuilder.m in Sources */ = {isa = PBXBuildFile; fileRef = 4E76A5F02080603500C86B42 /* CarCompanyBuilder.m */; };
		4E76A5F5208062C800C86B42 /* Car.m in Sources */ = {isa = PBXBuildFile; fileRef = 4E76A5F4208062C800C86B42 /* Car.m */; };
/* End PBXBuildFile section */

/* Begin PBXFileReference section */
		4E76A5BF207F66F900C86B42 /* DesignModeDemo.app */ = {isa = PBXFileReference; explicitFileType = wrapper.application; includeInIndex = 0; path = DesignModeDemo.app; sourceTree = BUILT_PRODUCTS_DIR; };
		4E76A5C2207F66F900C86B42 /* AppDelegate.h */ = {isa = PBXFileReference; lastKnownFileType = sourcecode.c.h; path = AppDelegate.h; sourceTree = "<group>"; };
		4E76A5C3207F66F900C86B42 /* AppDelegate.m */ = {isa = PBXFileReference; lastKnownFileType = sourcecode.c.objc; path = AppDelegate.m; sourceTree = "<group>"; };
		4E76A5C5207F66F900C86B42 /* ViewController.h */ = {isa = PBXFileReference; lastKnownFileType = sourcecode.c.h; path = ViewController.h; sourceTree = "<group>"; };
		4E76A5C6207F66F900C86B42 /* ViewController.m */ = {isa = PBXFileReference; lastKnownFileType = sourcecode.c.objc; path = ViewController.m; sourceTree = "<group>"; };
		4E76A5C9207F66F900C86B42 /* Base */ = {isa = PBXFileReference; lastKnownFileType = file.storyboard; name = Base; path = Base.lproj/Main.storyboard; sourceTree = "<group>"; };
		4E76A5CB207F66FA00C86B42 /* Assets.xcassets */ = {isa = PBXFileReference; lastKnownFileType = folder.assetcatalog; path = Assets.xcassets; sourceTree = "<group>"; };
		4E76A5CE207F66FA00C86B42 /* Base */ = {isa = PBXFileReference; lastKnownFileType = file.storyboard; name = Base; path = Base.lproj/LaunchScreen.storyboard; sourceTree = "<group>"; };
		4E76A5D0207F66FA00C86B42 /* Info.plist */ = {isa = PBXFileReference; lastKnownFileType = text.plist.xml; path = Info.plist; sourceTree = "<group>"; };
		4E76A5D1207F66FA00C86B42 /* main.m */ = {isa = PBXFileReference; lastKnownFileType = sourcecode.c.objc; path = main.m; sourceTree = "<group>"; };
		4E76A5D9207F6D8300C86B42 /* BuilderViewController.h */ = {isa = PBXFileReference; lastKnownFileType = sourcecode.c.h; path = BuilderViewController.h; sourceTree = "<group>"; };
		4E76A5DA207F6D8300C86B42 /* BuilderViewController.m */ = {isa = PBXFileReference; lastKnownFileType = sourcecode.c.objc; path = BuilderViewController.m; sourceTree = "<group>"; };
		4E76A5E020804FBE00C86B42 /* Director.h */ = {isa = PBXFileReference; lastKnownFileType = sourcecode.c.h; path = Director.h; sourceTree = "<group>"; };
		4E76A5E120804FBE00C86B42 /* Director.m */ = {isa = PBXFileReference; lastKnownFileType = sourcecode.c.objc; path = Director.m; sourceTree = "<group>"; };
		4E76A5E62080504500C86B42 /* CarBuilder.h */ = {isa = PBXFileReference; lastKnownFileType = sourcecode.c.h; path = CarBuilder.h; sourceTree = "<group>"; };
		4E76A5EF2080603500C86B42 /* CarCompanyBuilder.h */ = {isa = PBXFileReference; lastKnownFileType = sourcecode.c.h; path = CarCompanyBuilder.h; sourceTree = "<group>"; };
		4E76A5F02080603500C86B42 /* CarCompanyBuilder.m */ = {isa = PBXFileReference; lastKnownFileType = sourcecode.c.objc; path = CarCompanyBuilder.m; sourceTree = "<group>"; };
		4E76A5F2208060D300C86B42 /* CarCompanyProtocol.h */ = {isa = PBXFileReference; lastKnownFileType = sourcecode.c.h; path = CarCompanyProtocol.h; sourceTree = "<group>"; };
		4E76A5F3208062C800C86B42 /* Car.h */ = {isa = PBXFileReference; lastKnownFileType = sourcecode.c.h; path = Car.h; sourceTree = "<group>"; };
		4E76A5F4208062C800C86B42 /* Car.m */ = {isa = PBXFileReference; lastKnownFileType = sourcecode.c.objc; path = Car.m; sourceTree = "<group>"; };
/* End PBXFileReference section */

/* Begin PBXFrameworksBuildPhase section */
		4E76A5BC207F66F900C86B42 /* Frameworks */ = {
			isa = PBXFrameworksBuildPhase;
			buildActionMask = 2147483647;
			files = (
			);
			runOnlyForDeploymentPostprocessing = 0;
		};
/* End PBXFrameworksBuildPhase section */

/* Begin PBXGroup section */
		4E76A5B6207F66F900C86B42 = {
			isa = PBXGroup;
			children = (
				4E76A5C1207F66F900C86B42 /* DesignModeDemo */,
				4E76A5C0207F66F900C86B42 /* Products */,
			);
			sourceTree = "<group>";
		};
		4E76A5C0207F66F900C86B42 /* Products */ = {
			isa = PBXGroup;
			children = (
				4E76A5BF207F66F900C86B42 /* DesignModeDemo.app */,
			);
			name = Products;
			sourceTree = "<group>";
		};
		4E76A5C1207F66F900C86B42 /* DesignModeDemo */ = {
			isa = PBXGroup;
			children = (
				4E76A5C2207F66F900C86B42 /* AppDelegate.h */,
				4E76A5C3207F66F900C86B42 /* AppDelegate.m */,
				4E76A5C5207F66F900C86B42 /* ViewController.h */,
				4E76A5C6207F66F900C86B42 /* ViewController.m */,
				4E76A5D8207F6D2B00C86B42 /* 构建者模式 */,
				4E76A5C8207F66F900C86B42 /* Main.storyboard */,
				4E76A5CB207F66FA00C86B42 /* Assets.xcassets */,
				4E76A5CD207F66FA00C86B42 /* LaunchScreen.storyboard */,
				4E76A5D0207F66FA00C86B42 /* Info.plist */,
				4E76A5D1207F66FA00C86B42 /* main.m */,
			);
			path = DesignModeDemo;
			sourceTree = "<group>";
		};
		4E76A5D8207F6D2B00C86B42 /* 构建者模式 */ = {
			isa = PBXGroup;
			children = (
				4E76A5D9207F6D8300C86B42 /* BuilderViewController.h */,
				4E76A5DA207F6D8300C86B42 /* BuilderViewController.m */,
				4E76A5E020804FBE00C86B42 /* Director.h */,
				4E76A5E120804FBE00C86B42 /* Director.m */,
				4E76A5E62080504500C86B42 /* CarBuilder.h */,
				4E76A5EE20805FFC00C86B42 /* 车场 */,
			);
			path = "构建者模式";
			sourceTree = "<group>";
		};
		4E76A5EE20805FFC00C86B42 /* 车场 */ = {
			isa = PBXGroup;
			children = (
				4E76A5EF2080603500C86B42 /* CarCompanyBuilder.h */,
				4E76A5F02080603500C86B42 /* CarCompanyBuilder.m */,
				4E76A5F2208060D300C86B42 /* CarCompanyProtocol.h */,
				4E76A5F3208062C800C86B42 /* Car.h */,
				4E76A5F4208062C800C86B42 /* Car.m */,
			);
			path = "车场";
			sourceTree = "<group>";
		};
/* End PBXGroup section */

/* Begin PBXNativeTarget section */
		4E76A5BE207F66F900C86B42 /* DesignModeDemo */ = {
			isa = PBXNativeTarget;
			buildConfigurationList = 4E76A5D5207F66FA00C86B42 /* Build configuration list for PBXNativeTarget "DesignModeDemo" */;
			buildPhases = (
				4E76A5BB207F66F900C86B42 /* Sources */,
				4E76A5BC207F66F900C86B42 /* Frameworks */,
				4E76A5BD207F66F900C86B42 /* Resources */,
			);
			buildRules = (
			);
			dependencies = (
			);
			name = DesignModeDemo;
			productName = DesignModeDemo;
			productReference = 4E76A5BF207F66F900C86B42 /* DesignModeDemo.app */;
			productType = "com.apple.product-type.application";
		};
/* End PBXNativeTarget section */

/* Begin PBXProject section */
		4E76A5B7207F66F900C86B42 /* Project object */ = {
			isa = PBXProject;
			attributes = {
				LastUpgradeCheck = 0930;
				ORGANIZATIONNAME = koala;
				TargetAttributes = {
					4E76A5BE207F66F900C86B42 = {
						CreatedOnToolsVersion = 9.3;
					};
				};
			};
			buildConfigurationList = 4E76A5BA207F66F900C86B42 /* Build configuration list for PBXProject "DesignModeDemo" */;
			compatibilityVersion = "Xcode 9.3";
			developmentRegion = en;
			hasScannedForEncodings = 0;
			knownRegions = (
				en,
				Base,
			);
			mainGroup = 4E76A5B6207F66F900C86B42;
			productRefGroup = 4E76A5C0207F66F900C86B42 /* Products */;
			projectDirPath = "";
			projectRoot = "";
			targets = (
				4E76A5BE207F66F900C86B42 /* DesignModeDemo */,
			);
		};
/* End PBXProject section */

/* Begin PBXResourcesBuildPhase section */
		4E76A5BD207F66F900C86B42 /* Resources */ = {
			isa = PBXResourcesBuildPhase;
			buildActionMask = 2147483647;
			files = (
				4E76A5CF207F66FA00C86B42 /* LaunchScreen.storyboard in Resources */,
				4E76A5CC207F66FA00C86B42 /* Assets.xcassets in Resources */,
				4E76A5CA207F66F900C86B42 /* Main.storyboard in Resources */,
			);
			runOnlyForDeploymentPostprocessing = 0;
		};
/* End PBXResourcesBuildPhase section */

/* Begin PBXSourcesBuildPhase section */
		4E76A5BB207F66F900C86B42 /* Sources */ = {
			isa = PBXSourcesBuildPhase;
			buildActionMask = 2147483647;
			files = (
				4E76A5DB207F6D8300C86B42 /* BuilderViewController.m in Sources */,
				4E76A5F5208062C800C86B42 /* Car.m in Sources */,
				4E76A5E220804FBE00C86B42 /* Director.m in Sources */,
				4E76A5C7207F66F900C86B42 /* ViewController.m in Sources */,
				4E76A5F12080603500C86B42 /* CarCompanyBuilder.m in Sources */,
				4E76A5D2207F66FA00C86B42 /* main.m in Sources */,
				4E76A5C4207F66F900C86B42 /* AppDelegate.m in Sources */,
			);
			runOnlyForDeploymentPostprocessing = 0;
		};
/* End PBXSourcesBuildPhase section */

/* Begin PBXVariantGroup section */
		4E76A5C8207F66F900C86B42 /* Main.storyboard */ = {
			isa = PBXVariantGroup;
			children = (
				4E76A5C9207F66F900C86B42 /* Base */,
			);
			name = Main.storyboard;
			sourceTree = "<group>";
		};
		4E76A5CD207F66FA00C86B42 /* LaunchScreen.storyboard */ = {
			isa = PBXVariantGroup;
			children = (
				4E76A5CE207F66FA00C86B42 /* Base */,
			);
			name = LaunchScreen.storyboard;
			sourceTree = "<group>";
		};
/* End PBXVariantGroup section */

/* Begin XCBuildConfiguration section */
		4E76A5D3207F66FA00C86B42 /* Debug */ = {
			isa = XCBuildConfiguration;
			buildSettings = {
				ALWAYS_SEARCH_USER_PATHS = NO;
				CLANG_ANALYZER_NONNULL = YES;
				CLANG_ANALYZER_NUMBER_OBJECT_CONVERSION = YES_AGGRESSIVE;
				CLANG_CXX_LANGUAGE_STANDARD = "gnu++14";
				CLANG_CXX_LIBRARY = "libc++";
				CLANG_ENABLE_MODULES = YES;
				CLANG_ENABLE_OBJC_ARC = YES;
				CLANG_ENABLE_OBJC_WEAK = YES;
				CLANG_WARN_BLOCK_CAPTURE_AUTORELEASING = YES;
				CLANG_WARN_BOOL_CONVERSION = YES;
				CLANG_WARN_COMMA = YES;
				CLANG_WARN_CONSTANT_CONVERSION = YES;
				CLANG_WARN_DEPRECATED_OBJC_IMPLEMENTATIONS = YES;
				CLANG_WARN_DIRECT_OBJC_ISA_USAGE = YES_ERROR;
				CLANG_WARN_DOCUMENTATION_COMMENTS = YES;
				CLANG_WARN_EMPTY_BODY = YES;
				CLANG_WARN_ENUM_CONVERSION = YES;
				CLANG_WARN_INFINITE_RECURSION = YES;
				CLANG_WARN_INT_CONVERSION = YES;
				CLANG_WARN_NON_LITERAL_NULL_CONVERSION = YES;
				CLANG_WARN_OBJC_IMPLICIT_RETAIN_SELF = YES;
				CLANG_WARN_OBJC_LITERAL_CONVERSION = YES;
				CLANG_WARN_OBJC_ROOT_CLASS = YES_ERROR;
				CLANG_WARN_RANGE_LOOP_ANALYSIS = YES;
				CLANG_WARN_STRICT_PROTOTYPES = YES;
				CLANG_WARN_SUSPICIOUS_MOVE = YES;
				CLANG_WARN_UNGUARDED_AVAILABILITY = YES_AGGRESSIVE;
				CLANG_WARN_UNREACHABLE_CODE = YES;
				CLANG_WARN__DUPLICATE_METHOD_MATCH = YES;
				CODE_SIGN_IDENTITY = "iPhone Developer";
				COPY_PHASE_STRIP = NO;
				DEBUG_INFORMATION_FORMAT = dwarf;
				ENABLE_STRICT_OBJC_MSGSEND = YES;
				ENABLE_TESTABILITY = YES;
				GCC_C_LANGUAGE_STANDARD = gnu11;
				GCC_DYNAMIC_NO_PIC = NO;
				GCC_NO_COMMON_BLOCKS = YES;
				GCC_OPTIMIZATION_LEVEL = 0;
				GCC_PREPROCESSOR_DEFINITIONS = (
					"DEBUG=1",
					"$(inherited)",
				);
				GCC_WARN_64_TO_32_BIT_CONVERSION = YES;
				GCC_WARN_ABOUT_RETURN_TYPE = YES_ERROR;
				GCC_WARN_UNDECLARED_SELECTOR = YES;
				GCC_WARN_UNINITIALIZED_AUTOS = YES_AGGRESSIVE;
				GCC_WARN_UNUSED_FUNCTION = YES;
				GCC_WARN_UNUSED_VARIABLE = YES;
				IPHONEOS_DEPLOYMENT_TARGET = 11.3;
				MTL_ENABLE_DEBUG_INFO = YES;
				ONLY_ACTIVE_ARCH = YES;
				SDKROOT = iphoneos;
			};
			name = Debug;
		};
		4E76A5D4207F66FA00C86B42 /* Release */ = {
			isa = XCBuildConfiguration;
			buildSettings = {
				ALWAYS_SEARCH_USER_PATHS = NO;
				CLANG_ANALYZER_NONNULL = YES;
				CLANG_ANALYZER_NUMBER_OBJECT_CONVERSION = YES_AGGRESSIVE;
				CLANG_CXX_LANGUAGE_STANDARD = "gnu++14";
				CLANG_CXX_LIBRARY = "libc++";
				CLANG_ENABLE_MODULES = YES;
				CLANG_ENABLE_OBJC_ARC = YES;
				CLANG_ENABLE_OBJC_WEAK = YES;
				CLANG_WARN_BLOCK_CAPTURE_AUTORELEASING = YES;
				CLANG_WARN_BOOL_CONVERSION = YES;
				CLANG_WARN_COMMA = YES;
				CLANG_WARN_CONSTANT_CONVERSION = YES;
				CLANG_WARN_DEPRECATED_OBJC_IMPLEMENTATIONS = YES;
				CLANG_WARN_DIRECT_OBJC_ISA_USAGE = YES_ERROR;
				CLANG_WARN_DOCUMENTATION_COMMENTS = YES;
				CLANG_WARN_EMPTY_BODY = YES;
				CLANG_WARN_ENUM_CONVERSION = YES;
				CLANG_WARN_INFINITE_RECURSION = YES;
				CLANG_WARN_INT_CONVERSION = YES;
				CLANG_WARN_NON_LITERAL_NULL_CONVERSION = YES;
				CLANG_WARN_OBJC_IMPLICIT_RETAIN_SELF = YES;
				CLANG_WARN_OBJC_LITERAL_CONVERSION = YES;
				CLANG_WARN_OBJC_ROOT_CLASS = YES_ERROR;
				CLANG_WARN_RANGE_LOOP_ANALYSIS = YES;
				CLANG_WARN_STRICT_PROTOTYPES = YES;
				CLANG_WARN_SUSPICIOUS_MOVE = YES;
				CLANG_WARN_UNGUARDED_AVAILABILITY = YES_AGGRESSIVE;
				CLANG_WARN_UNREACHABLE_CODE = YES;
				CLANG_WARN__DUPLICATE_METHOD_MATCH = YES;
				CODE_SIGN_IDENTITY = "iPhone Developer";
				COPY_PHASE_STRIP = NO;
				DEBUG_INFORMATION_FORMAT = "dwarf-with-dsym";
				ENABLE_NS_ASSERTIONS = NO;
				ENABLE_STRICT_OBJC_MSGSEND = YES;
				GCC_C_LANGUAGE_STANDARD = gnu11;
				GCC_NO_COMMON_BLOCKS = YES;
				GCC_WARN_64_TO_32_BIT_CONVERSION = YES;
				GCC_WARN_ABOUT_RETURN_TYPE = YES_ERROR;
				GCC_WARN_UNDECLARED_SELECTOR = YES;
				GCC_WARN_UNINITIALIZED_AUTOS = YES_AGGRESSIVE;
				GCC_WARN_UNUSED_FUNCTION = YES;
				GCC_WARN_UNUSED_VARIABLE = YES;
				IPHONEOS_DEPLOYMENT_TARGET = 11.3;
				MTL_ENABLE_DEBUG_INFO = NO;
				SDKROOT = iphoneos;
				VALIDATE_PRODUCT = YES;
			};
			name = Release;
		};
		4E76A5D6207F66FA00C86B42 /* Debug */ = {
			isa = XCBuildConfiguration;
			buildSettings = {
				ASSETCATALOG_COMPILER_APPICON_NAME = AppIcon;
				CODE_SIGN_STYLE = Automatic;
				INFOPLIST_FILE = DesignModeDemo/Info.plist;
				LD_RUNPATH_SEARCH_PATHS = (
					"$(inherited)",
					"@executable_path/Frameworks",
				);
				PRODUCT_BUNDLE_IDENTIFIER = com.koala.DesignModeDemo;
				PRODUCT_NAME = "$(TARGET_NAME)";
				TARGETED_DEVICE_FAMILY = "1,2";
			};
			name = Debug;
		};
		4E76A5D7207F66FA00C86B42 /* Release */ = {
			isa = XCBuildConfiguration;
			buildSettings = {
				ASSETCATALOG_COMPILER_APPICON_NAME = AppIcon;
				CODE_SIGN_STYLE = Automatic;
				INFOPLIST_FILE = DesignModeDemo/Info.plist;
				LD_RUNPATH_SEARCH_PATHS = (
					"$(inherited)",
					"@executable_path/Frameworks",
				);
				PRODUCT_BUNDLE_IDENTIFIER = com.koala.DesignModeDemo;
				PRODUCT_NAME = "$(TARGET_NAME)";
				TARGETED_DEVICE_FAMILY = "1,2";
			};
			name = Release;
		};
/* End XCBuildConfiguration section */

/* Begin XCConfigurationList section */
		4E76A5BA207F66F900C86B42 /* Build configuration list for PBXProject "DesignModeDemo" */ = {
			isa = XCConfigurationList;
			buildConfigurations = (
				4E76A5D3207F66FA00C86B42 /* Debug */,
				4E76A5D4207F66FA00C86B42 /* Release */,
			);
			defaultConfigurationIsVisible = 0;
			defaultConfigurationName = Release;
		};
		4E76A5D5207F66FA00C86B42 /* Build configuration list for PBXNativeTarget "DesignModeDemo" */ = {
			isa = XCConfigurationList;
			buildConfigurations = (
				4E76A5D6207F66FA00C86B42 /* Debug */,
				4E76A5D7207F66FA00C86B42 /* Release */,
			);
			defaultConfigurationIsVisible = 0;
			defaultConfigurationName = Release;
		};
/* End XCConfigurationList section */
	};
	rootObject = 4E76A5B7207F66F900C86B42 /* Project object */;
}
